
Microsoft Visual Studio Solution File, Format Version 12.00
# Visual Studio Version 17
VisualStudioVersion = 17.12.35527.113
MinimumVisualStudioVersion = 10.0.40219.1
Project("{FAE04EC0-301F-11D3-BF4B-00C04F79EFBC}") = "eCommerce.API", "eCommerce.API\eCommerce.API.csproj", "{22DB85EE-44CC-4683-B56D-733A237A1473}"
EndProject
Project("{FAE04EC0-301F-11D3-BF4B-00C04F79EFBC}") = "eCommerce.Models", "eCommerce.Models\eCommerce.Models.csproj", "{A951505A-B119-4923-9892-AF44557C1F4D}"
EndProject
Project("{FAE04EC0-301F-11D3-BF4B-00C04F79EFBC}") = "eCommerce.Models.DataAnnotations", "eCommerce.Models.DataAnnotations\eCommerce.Models.DataAnnotations.csproj", "{05BC6C2A-2B83-44EF-AD9C-EA206FA48C6A}"
EndProject
Project("{FAE04EC0-301F-11D3-BF4B-00C04F79EFBC}") = "eCommerce.Models.FluentAPI", "eCommerce.Models.FluentAPI\eCommerce.Models.FluentAPI.csproj", "{E97568EE-E20A-4552-BCD8-079C6BAFA64A}"
EndProject
Project("{FAE04EC0-301F-11D3-BF4B-00C04F79EFBC}") = "eCommerce.Models.Exercicios", "eCommerce.Models.Exercicios\eCommerce.Models.Exercicios.csproj", "{1D229168-E856-4F54-A44A-9D9E498E95F6}"
EndProject
Project("{FAE04EC0-301F-11D3-BF4B-00C04F79EFBC}") = "eCommerce.Office", "eCommerce.Office\eCommerce.Office.csproj", "{1751AC4E-5EAC-4952-90C9-20085E0308E2}"
EndProject
Global
	GlobalSection(SolutionConfigurationPlatforms) = preSolution
		Debug|Any CPU = Debug|Any CPU
		Release|Any CPU = Release|Any CPU
	EndGlobalSection
	GlobalSection(ProjectConfigurationPlatforms) = postSolution
		{22DB85EE-44CC-4683-B56D-733A237A1473}.Debug|Any CPU.ActiveCfg = Debug|Any CPU
		{22DB85EE-44CC-4683-B56D-733A237A1473}.Debug|Any CPU.Build.0 = Debug|Any CPU
		{22DB85EE-44CC-4683-B56D-733A237A1473}.Release|Any CPU.ActiveCfg = Release|Any CPU
		{22DB85EE-44CC-4683-B56D-733A237A1473}.Release|Any CPU.Build.0 = Release|Any CPU
		{A951505A-B119-4923-9892-AF44557C1F4D}.Debug|Any CPU.ActiveCfg = Debug|Any CPU
		{A951505A-B119-4923-9892-AF44557C1F4D}.Debug|Any CPU.Build.0 = Debug|Any CPU
		{A951505A-B119-4923-9892-AF44557C1F4D}.Release|Any CPU.ActiveCfg = Release|Any CPU
		{A951505A-B119-4923-9892-AF44557C1F4D}.Release|Any CPU.Build.0 = Release|Any CPU
		{05BC6C2A-2B83-44EF-AD9C-EA206FA48C6A}.Debug|Any CPU.ActiveCfg = Debug|Any CPU
		{05BC6C2A-2B83-44EF-AD9C-EA206FA48C6A}.Debug|Any CPU.Build.0 = Debug|Any CPU
		{05BC6C2A-2B83-44EF-AD9C-EA206FA48C6A}.Release|Any CPU.ActiveCfg = Release|Any CPU
		{05BC6C2A-2B83-44EF-AD9C-EA206FA48C6A}.Release|Any CPU.Build.0 = Release|Any CPU
		{E97568EE-E20A-4552-BCD8-079C6BAFA64A}.Debug|Any CPU.ActiveCfg = Debug|Any CPU
		{E97568EE-E20A-4552-BCD8-079C6BAFA64A}.Debug|Any CPU.Build.0 = Debug|Any CPU
		{E97568EE-E20A-4552-BCD8-079C6BAFA64A}.Release|Any CPU.ActiveCfg = Release|Any CPU
		{E97568EE-E20A-4552-BCD8-079C6BAFA64A}.Release|Any CPU.Build.0 = Release|Any CPU
		{1D229168-E856-4F54-A44A-9D9E498E95F6}.Debug|Any CPU.ActiveCfg = Debug|Any CPU
		{1D229168-E856-4F54-A44A-9D9E498E95F6}.Debug|Any CPU.Build.0 = Debug|Any CPU
		{1D229168-E856-4F54-A44A-9D9E498E95F6}.Release|Any CPU.ActiveCfg = Release|Any CPU
		{1D229168-E856-4F54-A44A-9D9E498E95F6}.Release|Any CPU.Build.0 = Release|Any CPU
		{1751AC4E-5EAC-4952-90C9-20085E0308E2}.Debug|Any CPU.ActiveCfg = Debug|Any CPU
		{1751AC4E-5EAC-4952-90C9-20085E0308E2}.Debug|Any CPU.Build.0 = Debug|Any CPU
		{1751AC4E-5EAC-4952-90C9-20085E0308E2}.Release|Any CPU.ActiveCfg = Release|Any CPU
		{1751AC4E-5EAC-4952-90C9-20085E0308E2}.Release|Any CPU.Build.0 = Release|Any CPU
	EndGlobalSection
	GlobalSection(SolutionProperties) = preSolution
		HideSolutionNode = FALSE
	EndGlobalSection
	GlobalSection(ExtensibilityGlobals) = postSolution
		SolutionGuid = {96DF2086-31C0-4F18-9C33-9E2D13F242F8}
	EndGlobalSection
EndGlobal
